
Microsoft Visual Studio Solution File, Format Version 12.00
# Visual Studio 15
VisualStudioVersion = 15.0.26730.12
MinimumVisualStudioVersion = 10.0.40219.1
Project("{FAE04EC0-301F-11D3-BF4B-00C04F79EFBC}") = "Hangwoman", "Hangwoman\Hangwoman.csproj", "{FFEE55E4-1F38-4C73-8A3C-C4CBAAF7C7B4}"
EndProject
Global
	GlobalSection(SolutionConfigurationPlatforms) = preSolution
		Debug|Any CPU = Debug|Any CPU
		Release|Any CPU = Release|Any CPU
	EndGlobalSection
	GlobalSection(ProjectConfigurationPlatforms) = postSolution
		{FFEE55E4-1F38-4C73-8A3C-C4CBAAF7C7B4}.Debug|Any CPU.ActiveCfg = Debug|Any CPU
		{FFEE55E4-1F38-4C73-8A3C-C4CBAAF7C7B4}.Debug|Any CPU.Build.0 = Debug|Any CPU
		{FFEE55E4-1F38-4C73-8A3C-C4CBAAF7C7B4}.Release|Any CPU.ActiveCfg = Release|Any CPU
		{FFEE55E4-1F38-4C73-8A3C-C4CBAAF7C7B4}.Release|Any CPU.Build.0 = Release|Any CPU
	EndGlobalSection
	GlobalSection(SolutionProperties) = preSolution
		HideSolutionNode = FALSE
	EndGlobalSection
	GlobalSection(ExtensibilityGlobals) = postSolution
		SolutionGuid = {8B363841-17F5-45CA-9F73-8A6170E6E579}
	EndGlobalSection
EndGlobal
